
Microsoft Visual Studio Solution File, Format Version 12.00
Project("{FAE04EC0-301F-11D3-BF4B-00C04F79EFBC}") = "TestData", "TestData\TestData.csproj", "{38831C65-962D-485B-BEC2-7B9FF9376BFB}"
EndProject
Project("{FAE04EC0-301F-11D3-BF4B-00C04F79EFBC}") = "TestData.Tests", "TestData.Tests\TestData.Tests.csproj", "{2DE32529-E4D2-4226-B79B-B12FF84458B1}"
EndProject
Global
	GlobalSection(SolutionConfigurationPlatforms) = preSolution
		Debug|Any CPU = Debug|Any CPU
		Release|Any CPU = Release|Any CPU
	EndGlobalSection
	GlobalSection(ProjectConfigurationPlatforms) = postSolution
		{38831C65-962D-485B-BEC2-7B9FF9376BFB}.Debug|Any CPU.ActiveCfg = Debug|Any CPU
		{38831C65-962D-485B-BEC2-7B9FF9376BFB}.Debug|Any CPU.Build.0 = Debug|Any CPU
		{38831C65-962D-485B-BEC2-7B9FF9376BFB}.Release|Any CPU.ActiveCfg = Release|Any CPU
		{38831C65-962D-485B-BEC2-7B9FF9376BFB}.Release|Any CPU.Build.0 = Release|Any CPU
		{2DE32529-E4D2-4226-B79B-B12FF84458B1}.Debug|Any CPU.ActiveCfg = Debug|Any CPU
		{2DE32529-E4D2-4226-B79B-B12FF84458B1}.Debug|Any CPU.Build.0 = Debug|Any CPU
		{2DE32529-E4D2-4226-B79B-B12FF84458B1}.Release|Any CPU.ActiveCfg = Release|Any CPU
		{2DE32529-E4D2-4226-B79B-B12FF84458B1}.Release|Any CPU.Build.0 = Release|Any CPU
	EndGlobalSection
	GlobalSection(NestedProjects) = preSolution
	EndGlobalSection
EndGlobal
